<?xml version="1.0"?>
<CONFIG>
  <ProjectOptions>
    <Version Value="9"/>
    <General>
      <Flags>
        <MainUnitHasCreateFormStatements Value="False"/>
      </Flags>
      <MainUnit Value="0"/>
      <ResourceType Value="res"/>
      <UseXPManifest Value="True"/>
      <ActiveWindowIndexAtStart Value="0"/>
    </General>
    <i18n>
      <EnableI18N LFM="False"/>
    </i18n>
    <VersionInfo>
      <StringTable ProductVersion=""/>
    </VersionInfo>
    <BuildModes Count="1" Active="Default">
      <Item1 Name="Default" Default="True"/>
    </BuildModes>
    <PublishOptions>
      <Version Value="2"/>
      <IncludeFileFilter Value="*.(pas|pp|inc|lfm|lpr|lrs|lpi|lpk|sh|xml)"/>
      <ExcludeFileFilter Value="*.(bak|ppu|o|so);*~;backup"/>
    </PublishOptions>
    <RunParams>
      <local>
        <FormatVersion Value="1"/>
      </local>
    </RunParams>
    <Units Count="15">
      <Unit0>
        <Filename Value="template.lpr"/>
        <IsPartOfProject Value="True"/>
        <UnitName Value="template"/>
        <EditorIndex Value="1"/>
        <WindowIndex Value="0"/>
        <TopLine Value="103"/>
        <CursorPos X="37" Y="114"/>
        <UsageCount Value="118"/>
        <Loaded Value="True"/>
      </Unit0>
      <Unit1>
        <Filename Value="nii_perf.pas"/>
        <UnitName Value="nii_perf"/>
        <WindowIndex Value="0"/>
        <TopLine Value="816"/>
        <CursorPos X="47" Y="830"/>
        <UsageCount Value="51"/>
      </Unit1>
      <Unit2>
        <Filename Value="isgui.inc"/>
        <IsVisibleTab Value="True"/>
        <EditorIndex Value="0"/>
        <WindowIndex Value="0"/>
        <TopLine Value="1"/>
        <CursorPos X="9" Y="3"/>
        <UsageCount Value="59"/>
        <Loaded Value="True"/>
      </Unit2>
      <Unit3>
        <Filename Value="define_types.pas"/>
        <UnitName Value="define_types"/>
        <EditorIndex Value="5"/>
        <WindowIndex Value="0"/>
        <TopLine Value="160"/>
        <CursorPos X="1" Y="179"/>
        <UsageCount Value="54"/>
        <Loaded Value="True"/>
      </Unit3>
      <Unit4>
        <Filename Value="nii_core.pas"/>
        <UnitName Value="nii_core"/>
        <EditorIndex Value="3"/>
        <WindowIndex Value="0"/>
        <TopLine Value="73"/>
        <CursorPos X="16" Y="91"/>
        <UsageCount Value="58"/>
        <Loaded Value="True"/>
      </Unit4>
      <Unit5>
        <Filename Value="/usr/local/share/fpcsrc/packages/fcl-base/src/custapp.pp"/>
        <UnitName Value="CustApp"/>
        <WindowIndex Value="0"/>
        <TopLine Value="385"/>
        <CursorPos X="11" Y="425"/>
        <UsageCount Value="3"/>
      </Unit5>
      <Unit6>
        <Filename Value="/usr/local/share/fpcsrc/rtl/objpas/sysutils/sysstrh.inc"/>
        <WindowIndex Value="0"/>
        <TopLine Value="201"/>
        <CursorPos X="10" Y="218"/>
        <UsageCount Value="2"/>
      </Unit6>
      <Unit7>
        <Filename Value="dialogsx.pas"/>
        <UnitName Value="dialogsx"/>
        <WindowIndex Value="0"/>
        <TopLine Value="67"/>
        <CursorPos X="16" Y="87"/>
        <UsageCount Value="50"/>
      </Unit7>
      <Unit8>
        <Filename Value="fsl_calls.pas"/>
        <UnitName Value="fsl_calls"/>
        <WindowIndex Value="0"/>
        <TopLine Value="108"/>
        <CursorPos X="27" Y="114"/>
        <UsageCount Value="14"/>
      </Unit8>
      <Unit9>
        <Filename Value="nii_smooth.pas"/>
        <UnitName Value="nii_smooth"/>
        <EditorIndex Value="4"/>
        <WindowIndex Value="0"/>
        <TopLine Value="1"/>
        <CursorPos X="117" Y="10"/>
        <UsageCount Value="46"/>
        <Loaded Value="True"/>
      </Unit9>
      <Unit10>
        <Filename Value="nii_math.pas"/>
        <UnitName Value="nii_math"/>
        <WindowIndex Value="0"/>
        <TopLine Value="902"/>
        <CursorPos X="30" Y="922"/>
        <UsageCount Value="38"/>
      </Unit10>
      <Unit11>
        <Filename Value="gamma_powell.pas"/>
        <UnitName Value="gamma_powell"/>
        <WindowIndex Value="0"/>
        <TopLine Value="792"/>
        <CursorPos X="31" Y="811"/>
        <UsageCount Value="37"/>
      </Unit11>
      <Unit12>
        <Filename Value="../raycast/nifti_types.pas"/>
        <IsPartOfProject Value="True"/>
        <UnitName Value="nifti_types"/>
        <WindowIndex Value="0"/>
        <TopLine Value="1"/>
        <CursorPos X="53" Y="4"/>
        <UsageCount Value="20"/>
      </Unit12>
      <Unit13>
        <Filename Value="nii_perfx.pas"/>
        <UnitName Value="nii_perfx"/>
        <WindowIndex Value="0"/>
        <TopLine Value="18"/>
        <CursorPos X="1" Y="34"/>
        <UsageCount Value="10"/>
      </Unit13>
      <Unit14>
        <Filename Value="../raycast/nifti_hdr.pas"/>
        <UnitName Value="nifti_hdr"/>
        <EditorIndex Value="2"/>
        <WindowIndex Value="0"/>
        <TopLine Value="1"/>
        <CursorPos X="1" Y="17"/>
        <UsageCount Value="10"/>
        <Loaded Value="True"/>
      </Unit14>
    </Units>
    <JumpHistory Count="30" HistoryIndex="29">
      <Position1>
        <Filename Value="template.lpr"/>
        <Caret Line="34" Column="20" TopLine="23"/>
      </Position1>
      <Position2>
        <Filename Value="template.lpr"/>
        <Caret Line="81" Column="10" TopLine="70"/>
      </Position2>
      <Position3>
        <Filename Value="template.lpr"/>
        <Caret Line="89" Column="22" TopLine="75"/>
      </Position3>
      <Position4>
        <Filename Value="template.lpr"/>
        <Caret Line="103" Column="3" TopLine="92"/>
      </Position4>
      <Position5>
        <Filename Value="template.lpr"/>
        <Caret Line="110" Column="19" TopLine="96"/>
      </Position5>
      <Position6>
        <Filename Value="template.lpr"/>
        <Caret Line="121" Column="21" TopLine="111"/>
      </Position6>
      <Position7>
        <Filename Value="template.lpr"/>
        <Caret Line="143" Column="29" TopLine="134"/>
      </Position7>
      <Position8>
        <Filename Value="nii_core.pas"/>
        <Caret Line="185" Column="20" TopLine="171"/>
      </Position8>
      <Position9>
        <Filename Value="nii_core.pas"/>
        <Caret Line="5" Column="173" TopLine="1"/>
      </Position9>
      <Position10>
        <Filename Value="nii_core.pas"/>
        <Caret Line="187" Column="17" TopLine="169"/>
      </Position10>
      <Position11>
        <Filename Value="nii_core.pas"/>
        <Caret Line="204" Column="17" TopLine="186"/>
      </Position11>
      <Position12>
        <Filename Value="nii_core.pas"/>
        <Caret Line="1009" Column="20" TopLine="991"/>
      </Position12>
      <Position13>
        <Filename Value="nii_core.pas"/>
        <Caret Line="1119" Column="20" TopLine="1101"/>
      </Position13>
      <Position14>
        <Filename Value="nii_core.pas"/>
        <Caret Line="1128" Column="20" TopLine="1110"/>
      </Position14>
      <Position15>
        <Filename Value="nii_core.pas"/>
        <Caret Line="1138" Column="20" TopLine="1120"/>
      </Position15>
      <Position16>
        <Filename Value="nii_core.pas"/>
        <Caret Line="1148" Column="20" TopLine="1130"/>
      </Position16>
      <Position17>
        <Filename Value="nii_core.pas"/>
        <Caret Line="11" Column="49" TopLine="4"/>
      </Position17>
      <Position18>
        <Filename Value="template.lpr"/>
        <Caret Line="94" Column="3" TopLine="82"/>
      </Position18>
      <Position19>
        <Filename Value="template.lpr"/>
        <Caret Line="88" Column="26" TopLine="77"/>
      </Position19>
      <Position20>
        <Filename Value="template.lpr"/>
        <Caret Line="87" Column="5" TopLine="79"/>
      </Position20>
      <Position21>
        <Filename Value="template.lpr"/>
        <Caret Line="90" Column="19" TopLine="79"/>
      </Position21>
      <Position22>
        <Filename Value="define_types.pas"/>
        <Caret Line="3" Column="66" TopLine="1"/>
      </Position22>
      <Position23>
        <Filename Value="define_types.pas"/>
        <Caret Line="130" Column="16" TopLine="112"/>
      </Position23>
      <Position24>
        <Filename Value="define_types.pas"/>
        <Caret Line="119" Column="120" TopLine="117"/>
      </Position24>
      <Position25>
        <Filename Value="define_types.pas"/>
        <Caret Line="448" Column="11" TopLine="430"/>
      </Position25>
      <Position26>
        <Filename Value="define_types.pas"/>
        <Caret Line="3" Column="178" TopLine="1"/>
      </Position26>
      <Position27>
        <Filename Value="template.lpr"/>
        <Caret Line="123" Column="27" TopLine="109"/>
      </Position27>
      <Position28>
        <Filename Value="template.lpr"/>
        <Caret Line="95" Column="50" TopLine="83"/>
      </Position28>
      <Position29>
        <Filename Value="template.lpr"/>
        <Caret Line="120" Column="26" TopLine="103"/>
      </Position29>
      <Position30>
        <Filename Value="template.lpr"/>
        <Caret Line="117" Column="103" TopLine="104"/>
      </Position30>
    </JumpHistory>
  </ProjectOptions>
  <CompilerOptions>
    <Version Value="11"/>
    <Target>
      <Filename Value="template"/>
    </Target>
    <SearchPaths>
      <IncludeFiles Value="$(ProjOutDir)"/>
      <UnitOutputDirectory Value="lib/$(TargetCPU)-$(TargetOS)"/>
    </SearchPaths>
    <CodeGeneration>
      <Optimizations>
        <OptimizationLevel Value="2"/>
      </Optimizations>
    </CodeGeneration>
    <Linking>
      <Debugging>
        <GenerateDebugInfo Value="False"/>
        <UseLineInfoUnit Value="False"/>
        <StripSymbols Value="True"/>
      </Debugging>
      <LinkSmart Value="True"/>
    </Linking>
    <Other>
      <WriteFPCLogo Value="False"/>
      <CompilerMessages>
        <IgnoredMessages idx5057="True"/>
        <UseMsgFile Value="True"/>
      </CompilerMessages>
      <CompilerPath Value="$(CompPath)"/>
    </Other>
  </CompilerOptions>
  <Debugging>
    <Exceptions Count="3">
      <Item1>
        <Name Value="EAbort"/>
      </Item1>
      <Item2>
        <Name Value="ECodetoolError"/>
      </Item2>
      <Item3>
        <Name Value="EFOpenError"/>
      </Item3>
    </Exceptions>
  </Debugging>
</CONFIG>
